
Microsoft Visual Studio Solution File, Format Version 12.00
# Visual Studio Version 17
VisualStudioVersion = 17.7.34031.279
MinimumVisualStudioVersion = 10.0.40219.1
Project("{FAE04EC0-301F-11D3-BF4B-00C04F79EFBC}") = "9320RyanMillerDatabase", "9320RyanMillerDatabase\9320RyanMillerDatabase.csproj", "{FC2309F5-640D-45EC-8AC3-96C1AC188E2A}"
EndProject
Global
	GlobalSection(SolutionConfigurationPlatforms) = preSolution
		Debug|Any CPU = Debug|Any CPU
		Release|Any CPU = Release|Any CPU
	EndGlobalSection
	GlobalSection(ProjectConfigurationPlatforms) = postSolution
		{FC2309F5-640D-45EC-8AC3-96C1AC188E2A}.Debug|Any CPU.ActiveCfg = Debug|Any CPU
		{FC2309F5-640D-45EC-8AC3-96C1AC188E2A}.Debug|Any CPU.Build.0 = Debug|Any CPU
		{FC2309F5-640D-45EC-8AC3-96C1AC188E2A}.Release|Any CPU.ActiveCfg = Release|Any CPU
		{FC2309F5-640D-45EC-8AC3-96C1AC188E2A}.Release|Any CPU.Build.0 = Release|Any CPU
	EndGlobalSection
	GlobalSection(SolutionProperties) = preSolution
		HideSolutionNode = FALSE
	EndGlobalSection
	GlobalSection(ExtensibilityGlobals) = postSolution
		SolutionGuid = {24C58910-41EC-4F37-9CF9-C8B970D1829E}
	EndGlobalSection
EndGlobal
